// !$*UTF8*$!
{
	archiveVersion = 1;
	classes = {
	};
	objectVersion = 46;
	objects = {

/* Begin PBXBuildFile section */
		7DEB55E41D0C53730015DE7C /* AppDelegate.swift in Sources */ = {isa = PBXBuildFile; fileRef = 7DEB55E31D0C53730015DE7C /* AppDelegate.swift */; };
		7DEB55E61D0C53730015DE7C /* ViewController.swift in Sources */ = {isa = PBXBuildFile; fileRef = 7DEB55E51D0C53730015DE7C /* ViewController.swift */; };
		7DEB55E91D0C53730015DE7C /* Main.storyboard in Resources */ = {isa = PBXBuildFile; fileRef = 7DEB55E71D0C53730015DE7C /* Main.storyboard */; };
		7DEB55EB1D0C53730015DE7C /* Assets.xcassets in Resources */ = {isa = PBXBuildFile; fileRef = 7DEB55EA1D0C53730015DE7C /* Assets.xcassets */; };
		7DEB55EE1D0C53730015DE7C /* LaunchScreen.storyboard in Resources */ = {isa = PBXBuildFile; fileRef = 7DEB55EC1D0C53730015DE7C /* LaunchScreen.storyboard */; };
		7DEB55F91D0C53730015DE7C /* SessionizerTests.swift in Sources */ = {isa = PBXBuildFile; fileRef = 7DEB55F81D0C53730015DE7C /* SessionizerTests.swift */; };
		7DEB56041D0C580D0015DE7C /* SessionEditorViewController.swift in Sources */ = {isa = PBXBuildFile; fileRef = 7DEB56031D0C580D0015DE7C /* SessionEditorViewController.swift */; };
/* End PBXBuildFile section */

/* Begin PBXContainerItemProxy section */
		7DEB55F51D0C53730015DE7C /* PBXContainerItemProxy */ = {
			isa = PBXContainerItemProxy;
			containerPortal = 7DEB55D81D0C53730015DE7C /* Project object */;
			proxyType = 1;
			remoteGlobalIDString = 7DEB55DF1D0C53730015DE7C;
			remoteInfo = Sessionizer;
		};
/* End PBXContainerItemProxy section */

/* Begin PBXFileReference section */
		7DEB55E01D0C53730015DE7C /* Sessionizer.app */ = {isa = PBXFileReference; explicitFileType = wrapper.application; includeInIndex = 0; path = Sessionizer.app; sourceTree = BUILT_PRODUCTS_DIR; };
		7DEB55E31D0C53730015DE7C /* AppDelegate.swift */ = {isa = PBXFileReference; lastKnownFileType = sourcecode.swift; path = AppDelegate.swift; sourceTree = "<group>"; };
		7DEB55E51D0C53730015DE7C /* ViewController.swift */ = {isa = PBXFileReference; lastKnownFileType = sourcecode.swift; path = ViewController.swift; sourceTree = "<group>"; };
		7DEB55E81D0C53730015DE7C /* Base */ = {isa = PBXFileReference; lastKnownFileType = file.storyboard; name = Base; path = Base.lproj/Main.storyboard; sourceTree = "<group>"; };
		7DEB55EA1D0C53730015DE7C /* Assets.xcassets */ = {isa = PBXFileReference; lastKnownFileType = folder.assetcatalog; path = Assets.xcassets; sourceTree = "<group>"; };
		7DEB55ED1D0C53730015DE7C /* Base */ = {isa = PBXFileReference; lastKnownFileType = file.storyboard; name = Base; path = Base.lproj/LaunchScreen.storyboard; sourceTree = "<group>"; };
		7DEB55EF1D0C53730015DE7C /* Info.plist */ = {isa = PBXFileReference; lastKnownFileType = text.plist.xml; path = Info.plist; sourceTree = "<group>"; };
		7DEB55F41D0C53730015DE7C /* SessionizerTests.xctest */ = {isa = PBXFileReference; explicitFileType = wrapper.cfbundle; includeInIndex = 0; path = SessionizerTests.xctest; sourceTree = BUILT_PRODUCTS_DIR; };
		7DEB55F81D0C53730015DE7C /* SessionizerTests.swift */ = {isa = PBXFileReference; lastKnownFileType = sourcecode.swift; path = SessionizerTests.swift; sourceTree = "<group>"; };
		7DEB55FA1D0C53730015DE7C /* Info.plist */ = {isa = PBXFileReference; lastKnownFileType = text.plist.xml; path = Info.plist; sourceTree = "<group>"; };
		7DEB56031D0C580D0015DE7C /* SessionEditorViewController.swift */ = {isa = PBXFileReference; fileEncoding = 4; lastKnownFileType = sourcecode.swift; path = SessionEditorViewController.swift; sourceTree = "<group>"; };
/* End PBXFileReference section */

/* Begin PBXFrameworksBuildPhase section */
		7DEB55DD1D0C53730015DE7C /* Frameworks */ = {
			isa = PBXFrameworksBuildPhase;
			buildActionMask = 2147483647;
			files = (
			);
			runOnlyForDeploymentPostprocessing = 0;
		};
		7DEB55F11D0C53730015DE7C /* Frameworks */ = {
			isa = PBXFrameworksBuildPhase;
			buildActionMask = 2147483647;
			files = (
			);
			runOnlyForDeploymentPostprocessing = 0;
		};
/* End PBXFrameworksBuildPhase section */

/* Begin PBXGroup section */
		7DEB55D71D0C53730015DE7C = {
			isa = PBXGroup;
			children = (
				7DEB55E21D0C53730015DE7C /* Sessionizer */,
				7DEB55F71D0C53730015DE7C /* SessionizerTests */,
				7DEB55E11D0C53730015DE7C /* Products */,
			);
			sourceTree = "<group>";
		};
		7DEB55E11D0C53730015DE7C /* Products */ = {
			isa = PBXGroup;
			children = (
				7DEB55E01D0C53730015DE7C /* Sessionizer.app */,
				7DEB55F41D0C53730015DE7C /* SessionizerTests.xctest */,
			);
			name = Products;
			sourceTree = "<group>";
		};
		7DEB55E21D0C53730015DE7C /* Sessionizer */ = {
			isa = PBXGroup;
			children = (
				7DEB56031D0C580D0015DE7C /* SessionEditorViewController.swift */,
				7DEB55E31D0C53730015DE7C /* AppDelegate.swift */,
				7DEB55E51D0C53730015DE7C /* ViewController.swift */,
				7DEB55E71D0C53730015DE7C /* Main.storyboard */,
				7DEB55EA1D0C53730015DE7C /* Assets.xcassets */,
				7DEB55EC1D0C53730015DE7C /* LaunchScreen.storyboard */,
				7DEB55EF1D0C53730015DE7C /* Info.plist */,
			);
			path = Sessionizer;
			sourceTree = "<group>";
		};
		7DEB55F71D0C53730015DE7C /* SessionizerTests */ = {
			isa = PBXGroup;
			children = (
				7DEB55F81D0C53730015DE7C /* SessionizerTests.swift */,
				7DEB55FA1D0C53730015DE7C /* Info.plist */,
			);
			path = SessionizerTests;
			sourceTree = "<group>";
		};
/* End PBXGroup section */

/* Begin PBXNativeTarget section */
		7DEB55DF1D0C53730015DE7C /* Sessionizer */ = {
			isa = PBXNativeTarget;
			buildConfigurationList = 7DEB55FD1D0C53730015DE7C /* Build configuration list for PBXNativeTarget "Sessionizer" */;
			buildPhases = (
				7DEB55DC1D0C53730015DE7C /* Sources */,
				7DEB55DD1D0C53730015DE7C /* Frameworks */,
				7DEB55DE1D0C53730015DE7C /* Resources */,
			);
			buildRules = (
			);
			dependencies = (
			);
			name = Sessionizer;
			productName = Sessionizer;
			productReference = 7DEB55E01D0C53730015DE7C /* Sessionizer.app */;
			productType = "com.apple.product-type.application";
		};
		7DEB55F31D0C53730015DE7C /* SessionizerTests */ = {
			isa = PBXNativeTarget;
			buildConfigurationList = 7DEB56001D0C53730015DE7C /* Build configuration list for PBXNativeTarget "SessionizerTests" */;
			buildPhases = (
				7DEB55F01D0C53730015DE7C /* Sources */,
				7DEB55F11D0C53730015DE7C /* Frameworks */,
				7DEB55F21D0C53730015DE7C /* Resources */,
			);
			buildRules = (
			);
			dependencies = (
				7DEB55F61D0C53730015DE7C /* PBXTargetDependency */,
			);
			name = SessionizerTests;
			productName = SessionizerTests;
			productReference = 7DEB55F41D0C53730015DE7C /* SessionizerTests.xctest */;
			productType = "com.apple.product-type.bundle.unit-test";
		};
/* End PBXNativeTarget section */

/* Begin PBXProject section */
		7DEB55D81D0C53730015DE7C /* Project object */ = {
			isa = PBXProject;
			attributes = {
				LastSwiftUpdateCheck = 0730;
				LastUpgradeCheck = 0730;
				ORGANIZATIONNAME = Borkware;
				TargetAttributes = {
					7DEB55DF1D0C53730015DE7C = {
						CreatedOnToolsVersion = 7.3;
						DevelopmentTeam = 2HBB3G8HCG;
					};
					7DEB55F31D0C53730015DE7C = {
						CreatedOnToolsVersion = 7.3;
						TestTargetID = 7DEB55DF1D0C53730015DE7C;
					};
				};
			};
			buildConfigurationList = 7DEB55DB1D0C53730015DE7C /* Build configuration list for PBXProject "Sessionizer" */;
			compatibilityVersion = "Xcode 3.2";
			developmentRegion = English;
			hasScannedForEncodings = 0;
			knownRegions = (
				en,
				Base,
			);
			mainGroup = 7DEB55D71D0C53730015DE7C;
			productRefGroup = 7DEB55E11D0C53730015DE7C /* Products */;
			projectDirPath = "";
			projectRoot = "";
			targets = (
				7DEB55DF1D0C53730015DE7C /* Sessionizer */,
				7DEB55F31D0C53730015DE7C /* SessionizerTests */,
			);
		};
/* End PBXProject section */

/* Begin PBXResourcesBuildPhase section */
		7DEB55DE1D0C53730015DE7C /* Resources */ = {
			isa = PBXResourcesBuildPhase;
			buildActionMask = 2147483647;
			files = (
				7DEB55EE1D0C53730015DE7C /* LaunchScreen.storyboard in Resources */,
				7DEB55EB1D0C53730015DE7C /* Assets.xcassets in Resources */,
				7DEB55E91D0C53730015DE7C /* Main.storyboard in Resources */,
			);
			runOnlyForDeploymentPostprocessing = 0;
		};
		7DEB55F21D0C53730015DE7C /* Resources */ = {
			isa = PBXResourcesBuildPhase;
			buildActionMask = 2147483647;
			files = (
			);
			runOnlyForDeploymentPostprocessing = 0;
		};
/* End PBXResourcesBuildPhase section */

/* Begin PBXSourcesBuildPhase section */
		7DEB55DC1D0C53730015DE7C /* Sources */ = {
			isa = PBXSourcesBuildPhase;
			buildActionMask = 2147483647;
			files = (
				7DEB55E61D0C53730015DE7C /* ViewController.swift in Sources */,
				7DEB55E41D0C53730015DE7C /* AppDelegate.swift in Sources */,
				7DEB56041D0C580D0015DE7C /* SessionEditorViewController.swift in Sources */,
			);
			runOnlyForDeploymentPostprocessing = 0;
		};
		7DEB55F01D0C53730015DE7C /* Sources */ = {
			isa = PBXSourcesBuildPhase;
			buildActionMask = 2147483647;
			files = (
				7DEB55F91D0C53730015DE7C /* SessionizerTests.swift in Sources */,
			);
			runOnlyForDeploymentPostprocessing = 0;
		};
/* End PBXSourcesBuildPhase section */

/* Begin PBXTargetDependency section */
		7DEB55F61D0C53730015DE7C /* PBXTargetDependency */ = {
			isa = PBXTargetDependency;
			target = 7DEB55DF1D0C53730015DE7C /* Sessionizer */;
			targetProxy = 7DEB55F51D0C53730015DE7C /* PBXContainerItemProxy */;
		};
/* End PBXTargetDependency section */

/* Begin PBXVariantGroup section */
		7DEB55E71D0C53730015DE7C /* Main.storyboard */ = {
			isa = PBXVariantGroup;
			children = (
				7DEB55E81D0C53730015DE7C /* Base */,
			);
			name = Main.storyboard;
			sourceTree = "<group>";
		};
		7DEB55EC1D0C53730015DE7C /* LaunchScreen.storyboard */ = {
			isa = PBXVariantGroup;
			children = (
				7DEB55ED1D0C53730015DE7C /* Base */,
			);
			name = LaunchScreen.storyboard;
			sourceTree = "<group>";
		};
/* End PBXVariantGroup section */

/* Begin XCBuildConfiguration section */
		7DEB55FB1D0C53730015DE7C /* Debug */ = {
			isa = XCBuildConfiguration;
			buildSettings = {
				ALWAYS_SEARCH_USER_PATHS = NO;
				CLANG_ANALYZER_NONNULL = YES;
				CLANG_CXX_LANGUAGE_STANDARD = "gnu++0x";
				CLANG_CXX_LIBRARY = "libc++";
				CLANG_ENABLE_MODULES = YES;
				CLANG_ENABLE_OBJC_ARC = YES;
				CLANG_WARN_BOOL_CONVERSION = YES;
				CLANG_WARN_CONSTANT_CONVERSION = YES;
				CLANG_WARN_DIRECT_OBJC_ISA_USAGE = YES_ERROR;
				CLANG_WARN_EMPTY_BODY = YES;
				CLANG_WARN_ENUM_CONVERSION = YES;
				CLANG_WARN_INT_CONVERSION = YES;
				CLANG_WARN_OBJC_ROOT_CLASS = YES_ERROR;
				CLANG_WARN_UNREACHABLE_CODE = YES;
				CLANG_WARN__DUPLICATE_METHOD_MATCH = YES;
				"CODE_SIGN_IDENTITY[sdk=iphoneos*]" = "iPhone Developer";
				COPY_PHASE_STRIP = NO;
				DEBUG_INFORMATION_FORMAT = dwarf;
				ENABLE_STRICT_OBJC_MSGSEND = YES;
				ENABLE_TESTABILITY = YES;
				GCC_C_LANGUAGE_STANDARD = gnu99;
				GCC_DYNAMIC_NO_PIC = NO;
				GCC_NO_COMMON_BLOCKS = YES;
				GCC_OPTIMIZATION_LEVEL = 0;
				GCC_PREPROCESSOR_DEFINITIONS = (
					"DEBUG=1",
					"$(inherited)",
				);
				GCC_WARN_64_TO_32_BIT_CONVERSION = YES;
				GCC_WARN_ABOUT_RETURN_TYPE = YES_ERROR;
				GCC_WARN_UNDECLARED_SELECTOR = YES;
				GCC_WARN_UNINITIALIZED_AUTOS = YES_AGGRESSIVE;
				GCC_WARN_UNUSED_FUNCTION = YES;
				GCC_WARN_UNUSED_VARIABLE = YES;
				IPHONEOS_DEPLOYMENT_TARGET = 9.3;
				MTL_ENABLE_DEBUG_INFO = YES;
				ONLY_ACTIVE_ARCH = YES;
				SDKROOT = iphoneos;
				SWIFT_OPTIMIZATION_LEVEL = "-Onone";
				TARGETED_DEVICE_FAMILY = "1,2";
			};
			name = Debug;
		};
		7DEB55FC1D0C53730015DE7C /* Release */ = {
			isa = XCBuildConfiguration;
			buildSettings = {
				ALWAYS_SEARCH_USER_PATHS = NO;
				CLANG_ANALYZER_NONNULL = YES;
				CLANG_CXX_LANGUAGE_STANDARD = "gnu++0x";
				CLANG_CXX_LIBRARY = "libc++";
				CLANG_ENABLE_MODULES = YES;
				CLANG_ENABLE_OBJC_ARC = YES;
				CLANG_WARN_BOOL_CONVERSION = YES;
				CLANG_WARN_CONSTANT_CONVERSION = YES;
				CLANG_WARN_DIRECT_OBJC_ISA_USAGE = YES_ERROR;
				CLANG_WARN_EMPTY_BODY = YES;
				CLANG_WARN_ENUM_CONVERSION = YES;
				CLANG_WARN_INT_CONVERSION = YES;
				CLANG_WARN_OBJC_ROOT_CLASS = YES_ERROR;
				CLANG_WARN_UNREACHABLE_CODE = YES;
				CLANG_WARN__DUPLICATE_METHOD_MATCH = YES;
				"CODE_SIGN_IDENTITY[sdk=iphoneos*]" = "iPhone Developer";
				COPY_PHASE_STRIP = NO;
				DEBUG_INFORMATION_FORMAT = "dwarf-with-dsym";
				ENABLE_NS_ASSERTIONS = NO;
				ENABLE_STRICT_OBJC_MSGSEND = YES;
				GCC_C_LANGUAGE_STANDARD = gnu99;
				GCC_NO_COMMON_BLOCKS = YES;
				GCC_WARN_64_TO_32_BIT_CONVERSION = YES;
				GCC_WARN_ABOUT_RETURN_TYPE = YES_ERROR;
				GCC_WARN_UNDECLARED_SELECTOR = YES;
				GCC_WARN_UNINITIALIZED_AUTOS = YES_AGGRESSIVE;
				GCC_WARN_UNUSED_FUNCTION = YES;
				GCC_WARN_UNUSED_VARIABLE = YES;
				IPHONEOS_DEPLOYMENT_TARGET = 9.3;
				MTL_ENABLE_DEBUG_INFO = NO;
				SDKROOT = iphoneos;
				TARGETED_DEVICE_FAMILY = "1,2";
				VALIDATE_PRODUCT = YES;
			};
			name = Release;
		};
		7DEB55FE1D0C53730015DE7C /* Debug */ = {
			isa = XCBuildConfiguration;
			buildSettings = {
				ASSETCATALOG_COMPILER_APPICON_NAME = AppIcon;
				CODE_SIGN_IDENTITY = "iPhone Developer";
				"CODE_SIGN_IDENTITY[sdk=iphoneos*]" = "iPhone Developer";
				INFOPLIST_FILE = Sessionizer/Info.plist;
				LD_RUNPATH_SEARCH_PATHS = "$(inherited) @executable_path/Frameworks";
				PRODUCT_BUNDLE_IDENTIFIER = com.borkware.Sessionizer;
				PRODUCT_NAME = "$(TARGET_NAME)";
				PROVISIONING_PROFILE = "";
			};
			name = Debug;
		};
		7DEB55FF1D0C53730015DE7C /* Release */ = {
			isa = XCBuildConfiguration;
			buildSettings = {
				ASSETCATALOG_COMPILER_APPICON_NAME = AppIcon;
				CODE_SIGN_IDENTITY = "iPhone Developer";
				"CODE_SIGN_IDENTITY[sdk=iphoneos*]" = "iPhone Developer";
				INFOPLIST_FILE = Sessionizer/Info.plist;
				LD_RUNPATH_SEARCH_PATHS = "$(inherited) @executable_path/Frameworks";
				PRODUCT_BUNDLE_IDENTIFIER = com.borkware.Sessionizer;
				PRODUCT_NAME = "$(TARGET_NAME)";
				PROVISIONING_PROFILE = "";
			};
			name = Release;
		};
		7DEB56011D0C53730015DE7C /* Debug */ = {
			isa = XCBuildConfiguration;
			buildSettings = {
				BUNDLE_LOADER = "$(TEST_HOST)";
				INFOPLIST_FILE = SessionizerTests/Info.plist;
				LD_RUNPATH_SEARCH_PATHS = "$(inherited) @executable_path/Frameworks @loader_path/Frameworks";
				PRODUCT_BUNDLE_IDENTIFIER = com.borkware.SessionizerTests;
				PRODUCT_NAME = "$(TARGET_NAME)";
				TEST_HOST = "$(BUILT_PRODUCTS_DIR)/Sessionizer.app/Sessionizer";
			};
			name = Debug;
		};
		7DEB56021D0C53730015DE7C /* Release */ = {
			isa = XCBuildConfiguration;
			buildSettings = {
				BUNDLE_LOADER = "$(TEST_HOST)";
				INFOPLIST_FILE = SessionizerTests/Info.plist;
				LD_RUNPATH_SEARCH_PATHS = "$(inherited) @executable_path/Frameworks @loader_path/Frameworks";
				PRODUCT_BUNDLE_IDENTIFIER = com.borkware.SessionizerTests;
				PRODUCT_NAME = "$(TARGET_NAME)";
				TEST_HOST = "$(BUILT_PRODUCTS_DIR)/Sessionizer.app/Sessionizer";
			};
			name = Release;
		};
/* End XCBuildConfiguration section */

/* Begin XCConfigurationList section */
		7DEB55DB1D0C53730015DE7C /* Build configuration list for PBXProject "Sessionizer" */ = {
			isa = XCConfigurationList;
			buildConfigurations = (
				7DEB55FB1D0C53730015DE7C /* Debug */,
				7DEB55FC1D0C53730015DE7C /* Release */,
			);
			defaultConfigurationIsVisible = 0;
			defaultConfigurationName = Release;
		};
		7DEB55FD1D0C53730015DE7C /* Build configuration list for PBXNativeTarget "Sessionizer" */ = {
			isa = XCConfigurationList;
			buildConfigurations = (
				7DEB55FE1D0C53730015DE7C /* Debug */,
				7DEB55FF1D0C53730015DE7C /* Release */,
			);
			defaultConfigurationIsVisible = 0;
			defaultConfigurationName = Release;
		};
		7DEB56001D0C53730015DE7C /* Build configuration list for PBXNativeTarget "SessionizerTests" */ = {
			isa = XCConfigurationList;
			buildConfigurations = (
				7DEB56011D0C53730015DE7C /* Debug */,
				7DEB56021D0C53730015DE7C /* Release */,
			);
			defaultConfigurationIsVisible = 0;
			defaultConfigurationName = Release;
		};
/* End XCConfigurationList section */
	};
	rootObject = 7DEB55D81D0C53730015DE7C /* Project object */;
}
